# THIS IS AN AUTOGENERATED FILE. DO NOT EDIT THIS FILE DIRECTLY.
# yarn lockfile v1


"@ethersproject/abi@5.6.0":
  version "5.6.0"
  resolved "https://registry.yarnpkg.com/@ethersproject/abi/-/abi-5.6.0.tgz#ea07cbc1eec2374d32485679c12408005895e9f3"
  integrity sha512-AhVByTwdXCc2YQ20v300w6KVHle9g2OFc28ZAFCPnJyEpkv1xKXjZcSTgWOlv1i+0dqlgF8RCF2Rn2KC1t+1Vg==
  dependencies:
    "@ethersproject/address" "^5.6.0"
    "@ethersproject/bignumber" "^5.6.0"
    "@ethersproject/bytes" "^5.6.0"
    "@ethersproject/constants" "^5.6.0"
    "@ethersproject/hash" "^5.6.0"
    "@ethersproject/keccak256" "^5.6.0"
    "@ethersproject/logger" "^5.6.0"
    "@ethersproject/properties" "^5.6.0"
    "@ethersproject/strings" "^5.6.0"

"@ethersproject/abi@^5.6.0":
  version "5.7.0"
  resolved "https://registry.yarnpkg.com/@ethersproject/abi/-/abi-5.7.0.tgz#b3f3e045bbbeed1af3947335c247ad625a44e449"
  integrity sha512-351ktp42TiRcYB3H1OP8yajPeAQstMW/yCFokj/AthP9bLHzQFPlOrxOcwYEDkUAICmOHljvN4K39OMTMUa9RA==
  dependencies:
    "@ethersproject/address" "^5.7.0"
    "@ethersproject/bignumber" "^5.7.0"
    "@ethersproject/bytes" "^5.7.0"
    "@ethersproject/constants" "^5.7.0"
    "@ethersproject/hash" "^5.7.0"
    "@ethersproject/keccak256" "^5.7.0"
    "@ethersproject/logger" "^5.7.0"
    "@ethersproject/properties" "^5.7.0"
    "@ethersproject/strings" "^5.7.0"

"@ethersproject/abstract-provider@5.6.0":
  version "5.6.0"
  resolved "https://registry.yarnpkg.com/@ethersproject/abstract-provider/-/abstract-provider-5.6.0.tgz#0c4ac7054650dbd9c476cf5907f588bbb6ef3061"
  integrity sha512-oPMFlKLN+g+y7a79cLK3WiLcjWFnZQtXWgnLAbHZcN3s7L4v90UHpTOrLk+m3yr0gt+/h9STTM6zrr7PM8uoRw==
  dependencies:
    "@ethersproject/bignumber" "^5.6.0"
    "@ethersproject/bytes" "^5.6.0"
    "@ethersproject/logger" "^5.6.0"
    "@ethersproject/networks" "^5.6.0"
    "@ethersproject/properties" "^5.6.0"
    "@ethersproject/transactions" "^5.6.0"
    "@ethersproject/web" "^5.6.0"

"@ethersproject/abstract-provider@^5.6.0", "@ethersproject/abstract-provider@^5.7.0":
  version "5.7.0"
  resolved "https://registry.yarnpkg.com/@ethersproject/abstract-provider/-/abstract-provider-5.7.0.tgz#b0a8550f88b6bf9d51f90e4795d48294630cb9ef"
  integrity sha512-R41c9UkchKCpAqStMYUpdunjo3pkEvZC3FAwZn5S5MGbXoMQOHIdHItezTETxAO5bevtMApSyEhn9+CHcDsWBw==
  dependencies:
    "@ethersproject/bignumber" "^5.7.0"
    "@ethersproject/bytes" "^5.7.0"
    "@ethersproject/logger" "^5.7.0"
    "@ethersproject/networks" "^5.7.0"
    "@ethersproject/properties" "^5.7.0"
    "@ethersproject/transactions" "^5.7.0"
    "@ethersproject/web" "^5.7.0"

"@ethersproject/abstract-signer@5.6.0":
  version "5.6.0"
  resolved "https://registry.yarnpkg.com/@ethersproject/abstract-signer/-/abstract-signer-5.6.0.tgz#9cd7ae9211c2b123a3b29bf47aab17d4d016e3e7"
  integrity sha512-WOqnG0NJKtI8n0wWZPReHtaLkDByPL67tn4nBaDAhmVq8sjHTPbCdz4DRhVu/cfTOvfy9w3iq5QZ7BX7zw56BQ==
  dependencies:
    "@ethersproject/abstract-provider" "^5.6.0"
    "@ethersproject/bignumber" "^5.6.0"
    "@ethersproject/bytes" "^5.6.0"
    "@ethersproject/logger" "^5.6.0"
    "@ethersproject/properties" "^5.6.0"

"@ethersproject/abstract-signer@^5.6.0", "@ethersproject/abstract-signer@^5.7.0":
  version "5.7.0"
  resolved "https://registry.yarnpkg.com/@ethersproject/abstract-signer/-/abstract-signer-5.7.0.tgz#13f4f32117868452191a4649723cb086d2b596b2"
  integrity sha512-a16V8bq1/Cz+TGCkE2OPMTOUDLS3grCpdjoJCYNnVBbdYEMSgKrU0+B90s8b6H+ByYTBZN7a3g76jdIJi7UfKQ==
  dependencies:
    "@ethersproject/abstract-provider" "^5.7.0"
    "@ethersproject/bignumber" "^5.7.0"
    "@ethersproject/bytes" "^5.7.0"
    "@ethersproject/logger" "^5.7.0"
    "@ethersproject/properties" "^5.7.0"

"@ethersproject/address@5.6.0":
  version "5.6.0"
  resolved "https://registry.yarnpkg.com/@ethersproject/address/-/address-5.6.0.tgz#13c49836d73e7885fc148ad633afad729da25012"
  integrity sha512-6nvhYXjbXsHPS+30sHZ+U4VMagFC/9zAk6Gd/h3S21YW4+yfb0WfRtaAIZ4kfM4rrVwqiy284LP0GtL5HXGLxQ==
  dependencies:
    "@ethersproject/bignumber" "^5.6.0"
    "@ethersproject/bytes" "^5.6.0"
    "@ethersproject/keccak256" "^5.6.0"
    "@ethersproject/logger" "^5.6.0"
    "@ethersproject/rlp" "^5.6.0"

"@ethersproject/address@^5.6.0", "@ethersproject/address@^5.7.0":
  version "5.7.0"
  resolved "https://registry.yarnpkg.com/@ethersproject/address/-/address-5.7.0.tgz#19b56c4d74a3b0a46bfdbb6cfcc0a153fc697f37"
  integrity sha512-9wYhYt7aghVGo758POM5nqcOMaE168Q6aRLJZwUmiqSrAungkG74gSSeKEIR7ukixesdRZGPgVqme6vmxs1fkA==
  dependencies:
    "@ethersproject/bignumber" "^5.7.0"
    "@ethersproject/bytes" "^5.7.0"
    "@ethersproject/keccak256" "^5.7.0"
    "@ethersproject/logger" "^5.7.0"
    "@ethersproject/rlp" "^5.7.0"

"@ethersproject/base64@5.6.0":
  version "5.6.0"
  resolved "https://registry.yarnpkg.com/@ethersproject/base64/-/base64-5.6.0.tgz#a12c4da2a6fb86d88563216b0282308fc15907c9"
  integrity sha512-2Neq8wxJ9xHxCF9TUgmKeSh9BXJ6OAxWfeGWvbauPh8FuHEjamgHilllx8KkSd5ErxyHIX7Xv3Fkcud2kY9ezw==
  dependencies:
    "@ethersproject/bytes" "^5.6.0"

"@ethersproject/base64@^5.6.0", "@ethersproject/base64@^5.7.0":
  version "5.7.0"
  resolved "https://registry.yarnpkg.com/@ethersproject/base64/-/base64-5.7.0.tgz#ac4ee92aa36c1628173e221d0d01f53692059e1c"
  integrity sha512-Dr8tcHt2mEbsZr/mwTPIQAf3Ai0Bks/7gTw9dSqk1mQvhW3XvRlmDJr/4n+wg1JmCl16NZue17CDh8xb/vZ0sQ==
  dependencies:
    "@ethersproject/bytes" "^5.7.0"

"@ethersproject/basex@5.6.0":
  version "5.6.0"
  resolved "https://registry.yarnpkg.com/@ethersproject/basex/-/basex-5.6.0.tgz#9ea7209bf0a1c3ddc2a90f180c3a7f0d7d2e8a69"
  integrity sha512-qN4T+hQd/Md32MoJpc69rOwLYRUXwjTlhHDIeUkUmiN/JyWkkLLMoG0TqvSQKNqZOMgN5stbUYN6ILC+eD7MEQ==
  dependencies:
    "@ethersproject/bytes" "^5.6.0"
    "@ethersproject/properties" "^5.6.0"

"@ethersproject/basex@^5.6.0", "@ethersproject/basex@^5.7.0":
  version "5.7.0"
  resolved "https://registry.yarnpkg.com/@ethersproject/basex/-/basex-5.7.0.tgz#97034dc7e8938a8ca943ab20f8a5e492ece4020b"
  integrity sha512-ywlh43GwZLv2Voc2gQVTKBoVQ1mti3d8HK5aMxsfu/nRDnMmNqaSJ3r3n85HBByT8OpoY96SXM1FogC533T4zw==
  dependencies:
    "@ethersproject/bytes" "^5.7.0"
    "@ethersproject/properties" "^5.7.0"

"@ethersproject/bignumber@5.6.0":
  version "5.6.0"
  resolved "https://registry.yarnpkg.com/@ethersproject/bignumber/-/bignumber-5.6.0.tgz#116c81b075c57fa765a8f3822648cf718a8a0e26"
  integrity sha512-VziMaXIUHQlHJmkv1dlcd6GY2PmT0khtAqaMctCIDogxkrarMzA9L94KN1NeXqqOfFD6r0sJT3vCTOFSmZ07DA==
  dependencies:
    "@ethersproject/bytes" "^5.6.0"
    "@ethersproject/logger" "^5.6.0"
    bn.js "^4.11.9"

"@ethersproject/bignumber@^5.6.0", "@ethersproject/bignumber@^5.7.0":
  version "5.7.0"
  resolved "https://registry.yarnpkg.com/@ethersproject/bignumber/-/bignumber-5.7.0.tgz#e2f03837f268ba655ffba03a57853e18a18dc9c2"
  integrity sha512-n1CAdIHRWjSucQO3MC1zPSVgV/6dy/fjL9pMrPP9peL+QxEg9wOsVqwD4+818B6LUEtaXzVHQiuivzRoxPxUGw==
  dependencies:
    "@ethersproject/bytes" "^5.7.0"
    "@ethersproject/logger" "^5.7.0"
    bn.js "^5.2.1"

"@ethersproject/bytes@5.6.0":
  version "5.6.0"
  resolved "https://registry.yarnpkg.com/@ethersproject/bytes/-/bytes-5.6.0.tgz#81652f2a0e04533575befadce555213c11d8aa20"
  integrity sha512-3hJPlYemb9V4VLfJF5BfN0+55vltPZSHU3QKUyP9M3Y2TcajbiRrz65UG+xVHOzBereB1b9mn7r12o177xgN7w==
  dependencies:
    "@ethersproject/logger" "^5.6.0"

"@ethersproject/bytes@^5.6.0", "@ethersproject/bytes@^5.7.0":
  version "5.7.0"
  resolved "https://registry.yarnpkg.com/@ethersproject/bytes/-/bytes-5.7.0.tgz#a00f6ea8d7e7534d6d87f47188af1148d71f155d"
  integrity sha512-nsbxwgFXWh9NyYWo+U8atvmMsSdKJprTcICAkvbBffT75qDocbuggBU0SJiVK2MuTrp0q+xvLkTnGMPK1+uA9A==
  dependencies:
    "@ethersproject/logger" "^5.7.0"

"@ethersproject/constants@5.6.0":
  version "5.6.0"
  resolved "https://registry.yarnpkg.com/@ethersproject/constants/-/constants-5.6.0.tgz#55e3eb0918584d3acc0688e9958b0cedef297088"
  integrity sha512-SrdaJx2bK0WQl23nSpV/b1aq293Lh0sUaZT/yYKPDKn4tlAbkH96SPJwIhwSwTsoQQZxuh1jnqsKwyymoiBdWA==
  dependencies:
    "@ethersproject/bignumber" "^5.6.0"

"@ethersproject/constants@^5.6.0", "@ethersproject/constants@^5.7.0":
  version "5.7.0"
  resolved "https://registry.yarnpkg.com/@ethersproject/constants/-/constants-5.7.0.tgz#df80a9705a7e08984161f09014ea012d1c75295e"
  integrity sha512-DHI+y5dBNvkpYUMiRQyxRBYBefZkJfo70VUkUAsRjcPs47muV9evftfZ0PJVCXYbAiCgght0DtcF9srFQmIgWA==
  dependencies:
    "@ethersproject/bignumber" "^5.7.0"

"@ethersproject/contracts@5.6.0":
  version "5.6.0"
  resolved "https://registry.yarnpkg.com/@ethersproject/contracts/-/contracts-5.6.0.tgz#60f2cfc7addd99a865c6c8cfbbcec76297386067"
  integrity sha512-74Ge7iqTDom0NX+mux8KbRUeJgu1eHZ3iv6utv++sLJG80FVuU9HnHeKVPfjd9s3woFhaFoQGf3B3iH/FrQmgw==
  dependencies:
    "@ethersproject/abi" "^5.6.0"
    "@ethersproject/abstract-provider" "^5.6.0"
    "@ethersproject/abstract-signer" "^5.6.0"
    "@ethersproject/address" "^5.6.0"
    "@ethersproject/bignumber" "^5.6.0"
    "@ethersproject/bytes" "^5.6.0"
    "@ethersproject/constants" "^5.6.0"
    "@ethersproject/logger" "^5.6.0"
    "@ethersproject/properties" "^5.6.0"
    "@ethersproject/transactions" "^5.6.0"

"@ethersproject/hash@5.6.0":
  version "5.6.0"
  resolved "https://registry.yarnpkg.com/@ethersproject/hash/-/hash-5.6.0.tgz#d24446a5263e02492f9808baa99b6e2b4c3429a2"
  integrity sha512-fFd+k9gtczqlr0/BruWLAu7UAOas1uRRJvOR84uDf4lNZ+bTkGl366qvniUZHKtlqxBRU65MkOobkmvmpHU+jA==
  dependencies:
    "@ethersproject/abstract-signer" "^5.6.0"
    "@ethersproject/address" "^5.6.0"
    "@ethersproject/bignumber" "^5.6.0"
    "@ethersproject/bytes" "^5.6.0"
    "@ethersproject/keccak256" "^5.6.0"
    "@ethersproject/logger" "^5.6.0"
    "@ethersproject/properties" "^5.6.0"
    "@ethersproject/strings" "^5.6.0"

"@ethersproject/hash@^5.6.0", "@ethersproject/hash@^5.7.0":
  version "5.7.0"
  resolved "https://registry.yarnpkg.com/@ethersproject/hash/-/hash-5.7.0.tgz#eb7aca84a588508369562e16e514b539ba5240a7"
  integrity sha512-qX5WrQfnah1EFnO5zJv1v46a8HW0+E5xuBBDTwMFZLuVTx0tbU2kkx15NqdjxecrLGatQN9FGQKpb1FKdHCt+g==
  dependencies:
    "@ethersproject/abstract-signer" "^5.7.0"
    "@ethersproject/address" "^5.7.0"
    "@ethersproject/base64" "^5.7.0"
    "@ethersproject/bignumber" "^5.7.0"
    "@ethersproject/bytes" "^5.7.0"
    "@ethersproject/keccak256" "^5.7.0"
    "@ethersproject/logger" "^5.7.0"
    "@ethersproject/properties" "^5.7.0"
    "@ethersproject/strings" "^5.7.0"

"@ethersproject/hdnode@5.6.0":
  version "5.6.0"
  resolved "https://registry.yarnpkg.com/@ethersproject/hdnode/-/hdnode-5.6.0.tgz#9dcbe8d629bbbcf144f2cae476337fe92d320998"
  integrity sha512-61g3Jp3nwDqJcL/p4nugSyLrpl/+ChXIOtCEM8UDmWeB3JCAt5FoLdOMXQc3WWkc0oM2C0aAn6GFqqMcS/mHTw==
  dependencies:
    "@ethersproject/abstract-signer" "^5.6.0"
    "@ethersproject/basex" "^5.6.0"
    "@ethersproject/bignumber" "^5.6.0"
    "@ethersproject/bytes" "^5.6.0"
    "@ethersproject/logger" "^5.6.0"
    "@ethersproject/pbkdf2" "^5.6.0"
    "@ethersproject/properties" "^5.6.0"
    "@ethersproject/sha2" "^5.6.0"
    "@ethersproject/signing-key" "^5.6.0"
    "@ethersproject/strings" "^5.6.0"
    "@ethersproject/transactions" "^5.6.0"
    "@ethersproject/wordlists" "^5.6.0"

"@ethersproject/hdnode@^5.6.0", "@ethersproject/hdnode@^5.7.0":
  version "5.7.0"
  resolved "https://registry.yarnpkg.com/@ethersproject/hdnode/-/hdnode-5.7.0.tgz#e627ddc6b466bc77aebf1a6b9e47405ca5aef9cf"
  integrity sha512-OmyYo9EENBPPf4ERhR7oj6uAtUAhYGqOnIS+jE5pTXvdKBS99ikzq1E7Iv0ZQZ5V36Lqx1qZLeak0Ra16qpeOg==
  dependencies:
    "@ethersproject/abstract-signer" "^5.7.0"
    "@ethersproject/basex" "^5.7.0"
    "@ethersproject/bignumber" "^5.7.0"
    "@ethersproject/bytes" "^5.7.0"
    "@ethersproject/logger" "^5.7.0"
    "@ethersproject/pbkdf2" "^5.7.0"
    "@ethersproject/properties" "^5.7.0"
    "@ethersproject/sha2" "^5.7.0"
    "@ethersproject/signing-key" "^5.7.0"
    "@ethersproject/strings" "^5.7.0"
    "@ethersproject/transactions" "^5.7.0"
    "@ethersproject/wordlists" "^5.7.0"

"@ethersproject/json-wallets@5.6.0":
  version "5.6.0"
  resolved "https://registry.yarnpkg.com/@ethersproject/json-wallets/-/json-wallets-5.6.0.tgz#4c2fc27f17e36c583e7a252fb938bc46f98891e5"
  integrity sha512-fmh86jViB9r0ibWXTQipxpAGMiuxoqUf78oqJDlCAJXgnJF024hOOX7qVgqsjtbeoxmcLwpPsXNU0WEe/16qPQ==
  dependencies:
    "@ethersproject/abstract-signer" "^5.6.0"
    "@ethersproject/address" "^5.6.0"
    "@ethersproject/bytes" "^5.6.0"
    "@ethersproject/hdnode" "^5.6.0"
    "@ethersproject/keccak256" "^5.6.0"
    "@ethersproject/logger" "^5.6.0"
    "@ethersproject/pbkdf2" "^5.6.0"
    "@ethersproject/properties" "^5.6.0"
    "@ethersproject/random" "^5.6.0"
    "@ethersproject/strings" "^5.6.0"
    "@ethersproject/transactions" "^5.6.0"
    aes-js "3.0.0"
    scrypt-js "3.0.1"

"@ethersproject/json-wallets@^5.6.0":
  version "5.7.0"
  resolved "https://registry.yarnpkg.com/@ethersproject/json-wallets/-/json-wallets-5.7.0.tgz#5e3355287b548c32b368d91014919ebebddd5360"
  integrity sha512-8oee5Xgu6+RKgJTkvEMl2wDgSPSAQ9MB/3JYjFV9jlKvcYHUXZC+cQp0njgmxdHkYWn8s6/IqIZYm0YWCjO/0g==
  dependencies:
    "@ethersproject/abstract-signer" "^5.7.0"
    "@ethersproject/address" "^5.7.0"
    "@ethersproject/bytes" "^5.7.0"
    "@ethersproject/hdnode" "^5.7.0"
    "@ethersproject/keccak256" "^5.7.0"
    "@ethersproject/logger" "^5.7.0"
    "@ethersproject/pbkdf2" "^5.7.0"
    "@ethersproject/properties" "^5.7.0"
    "@ethersproject/random" "^5.7.0"
    "@ethersproject/strings" "^5.7.0"
    "@ethersproject/transactions" "^5.7.0"
    aes-js "3.0.0"
    scrypt-js "3.0.1"

"@ethersproject/keccak256@5.6.0":
  version "5.6.0"
  resolved "https://registry.yarnpkg.com/@ethersproject/keccak256/-/keccak256-5.6.0.tgz#fea4bb47dbf8f131c2e1774a1cecbfeb9d606459"
  integrity sha512-tk56BJ96mdj/ksi7HWZVWGjCq0WVl/QvfhFQNeL8fxhBlGoP+L80uDCiQcpJPd+2XxkivS3lwRm3E0CXTfol0w==
  dependencies:
    "@ethersproject/bytes" "^5.6.0"
    js-sha3 "0.8.0"

"@ethersproject/keccak256@^5.6.0", "@ethersproject/keccak256@^5.7.0":
  version "5.7.0"
  resolved "https://registry.yarnpkg.com/@ethersproject/keccak256/-/keccak256-5.7.0.tgz#3186350c6e1cd6aba7940384ec7d6d9db01f335a"
  integrity sha512-2UcPboeL/iW+pSg6vZ6ydF8tCnv3Iu/8tUmLLzWWGzxWKFFqOBQFLo6uLUv6BDrLgCDfN28RJ/wtByx+jZ4KBg==
  dependencies:
    "@ethersproject/bytes" "^5.7.0"
    js-sha3 "0.8.0"

"@ethersproject/logger@5.6.0":
  version "5.6.0"
  resolved "https://registry.yarnpkg.com/@ethersproject/logger/-/logger-5.6.0.tgz#d7db1bfcc22fd2e4ab574cba0bb6ad779a9a3e7a"
  integrity sha512-BiBWllUROH9w+P21RzoxJKzqoqpkyM1pRnEKG69bulE9TSQD8SAIvTQqIMZmmCO8pUNkgLP1wndX1gKghSpBmg==

"@ethersproject/logger@^5.6.0", "@ethersproject/logger@^5.7.0":
  version "5.7.0"
  resolved "https://registry.yarnpkg.com/@ethersproject/logger/-/logger-5.7.0.tgz#6ce9ae168e74fecf287be17062b590852c311892"
  integrity sha512-0odtFdXu/XHtjQXJYA3u9G0G8btm0ND5Cu8M7i5vhEcE8/HmF4Lbdqanwyv4uQTr2tx6b7fQRmgLrsnpQlmnig==

"@ethersproject/networks@5.6.0":
  version "5.6.0"
  resolved "https://registry.yarnpkg.com/@ethersproject/networks/-/networks-5.6.0.tgz#486d03fff29b4b6b5414d47a232ded09fe10de5e"
  integrity sha512-DaVzgyThzHgSDLuURhvkp4oviGoGe9iTZW4jMEORHDRCgSZ9K9THGFKqL+qGXqPAYLEgZTf5z2w56mRrPR1MjQ==
  dependencies:
    "@ethersproject/logger" "^5.6.0"

"@ethersproject/networks@^5.6.0", "@ethersproject/networks@^5.7.0":
  version "5.7.1"
  resolved "https://registry.yarnpkg.com/@ethersproject/networks/-/networks-5.7.1.tgz#118e1a981d757d45ccea6bb58d9fd3d9db14ead6"
  integrity sha512-n/MufjFYv3yFcUyfhnXotyDlNdFb7onmkSy8aQERi2PjNcnWQ66xXxa3XlS8nCcA8aJKJjIIMNJTC7tu80GwpQ==
  dependencies:
    "@ethersproject/logger" "^5.7.0"

"@ethersproject/pbkdf2@5.6.0":
  version "5.6.0"
  resolved "https://registry.yarnpkg.com/@ethersproject/pbkdf2/-/pbkdf2-5.6.0.tgz#04fcc2d7c6bff88393f5b4237d906a192426685a"
  integrity sha512-Wu1AxTgJo3T3H6MIu/eejLFok9TYoSdgwRr5oGY1LTLfmGesDoSx05pemsbrPT2gG4cQME+baTSCp5sEo2erZQ==
  dependencies:
    "@ethersproject/bytes" "^5.6.0"
    "@ethersproject/sha2" "^5.6.0"

"@ethersproject/pbkdf2@^5.6.0", "@ethersproject/pbkdf2@^5.7.0":
  version "5.7.0"
  resolved "https://registry.yarnpkg.com/@ethersproject/pbkdf2/-/pbkdf2-5.7.0.tgz#d2267d0a1f6e123f3771007338c47cccd83d3102"
  integrity sha512-oR/dBRZR6GTyaofd86DehG72hY6NpAjhabkhxgr3X2FpJtJuodEl2auADWBZfhDHgVCbu3/H/Ocq2uC6dpNjjw==
  dependencies:
    "@ethersproject/bytes" "^5.7.0"
    "@ethersproject/sha2" "^5.7.0"

"@ethersproject/properties@5.6.0":
  version "5.6.0"
  resolved "https://registry.yarnpkg.com/@ethersproject/properties/-/properties-5.6.0.tgz#38904651713bc6bdd5bdd1b0a4287ecda920fa04"
  integrity sha512-szoOkHskajKePTJSZ46uHUWWkbv7TzP2ypdEK6jGMqJaEt2sb0jCgfBo0gH0m2HBpRixMuJ6TBRaQCF7a9DoCg==
  dependencies:
    "@ethersproject/logger" "^5.6.0"

"@ethersproject/properties@^5.6.0", "@ethersproject/properties@^5.7.0":
  version "5.7.0"
  resolved "https://registry.yarnpkg.com/@ethersproject/properties/-/properties-5.7.0.tgz#a6e12cb0439b878aaf470f1902a176033067ed30"
  integrity sha512-J87jy8suntrAkIZtecpxEPxY//szqr1mlBaYlQ0r4RCaiD2hjheqF9s1LVE8vVuJCXisjIP+JgtK/Do54ej4Sw==
  dependencies:
    "@ethersproject/logger" "^5.7.0"

"@ethersproject/providers@5.6.1":
  version "5.6.1"
  resolved "https://registry.yarnpkg.com/@ethersproject/providers/-/providers-5.6.1.tgz#9a05f00ecbac59565bf6907c8d2af8ac33303b48"
  integrity sha512-w8Wx15nH+aVDvnoKCyI1f3x0B5idmk/bDJXMEUqCfdO8Eadd0QpDx9lDMTMmenhOmf9vufLJXjpSm24D3ZnVpg==
  dependencies:
    "@ethersproject/abstract-provider" "^5.6.0"
    "@ethersproject/abstract-signer" "^5.6.0"
    "@ethersproject/address" "^5.6.0"
    "@ethersproject/basex" "^5.6.0"
    "@ethersproject/bignumber" "^5.6.0"
    "@ethersproject/bytes" "^5.6.0"
    "@ethersproject/constants" "^5.6.0"
    "@ethersproject/hash" "^5.6.0"
    "@ethersproject/logger" "^5.6.0"
    "@ethersproject/networks" "^5.6.0"
    "@ethersproject/properties" "^5.6.0"
    "@ethersproject/random" "^5.6.0"
    "@ethersproject/rlp" "^5.6.0"
    "@ethersproject/sha2" "^5.6.0"
    "@ethersproject/strings" "^5.6.0"
    "@ethersproject/transactions" "^5.6.0"
    "@ethersproject/web" "^5.6.0"
    bech32 "1.1.4"
    ws "7.4.6"

"@ethersproject/random@5.6.0":
  version "5.6.0"
  resolved "https://registry.yarnpkg.com/@ethersproject/random/-/random-5.6.0.tgz#1505d1ab6a250e0ee92f436850fa3314b2cb5ae6"
  integrity sha512-si0PLcLjq+NG/XHSZz90asNf+YfKEqJGVdxoEkSukzbnBgC8rydbgbUgBbBGLeHN4kAJwUFEKsu3sCXT93YMsw==
  dependencies:
    "@ethersproject/bytes" "^5.6.0"
    "@ethersproject/logger" "^5.6.0"

"@ethersproject/random@^5.6.0", "@ethersproject/random@^5.7.0":
  version "5.7.0"
  resolved "https://registry.yarnpkg.com/@ethersproject/random/-/random-5.7.0.tgz#af19dcbc2484aae078bb03656ec05df66253280c"
  integrity sha512-19WjScqRA8IIeWclFme75VMXSBvi4e6InrUNuaR4s5pTF2qNhcGdCUwdxUVGtDDqC00sDLCO93jPQoDUH4HVmQ==
  dependencies:
    "@ethersproject/bytes" "^5.7.0"
    "@ethersproject/logger" "^5.7.0"

"@ethersproject/rlp@5.6.0":
  version "5.6.0"
  resolved "https://registry.yarnpkg.com/@ethersproject/rlp/-/rlp-5.6.0.tgz#55a7be01c6f5e64d6e6e7edb6061aa120962a717"
  integrity sha512-dz9WR1xpcTL+9DtOT/aDO+YyxSSdO8YIS0jyZwHHSlAmnxA6cKU3TrTd4Xc/bHayctxTgGLYNuVVoiXE4tTq1g==
  dependencies:
    "@ethersproject/bytes" "^5.6.0"
    "@ethersproject/logger" "^5.6.0"

"@ethersproject/rlp@^5.6.0", "@ethersproject/rlp@^5.7.0":
  version "5.7.0"
  resolved "https://registry.yarnpkg.com/@ethersproject/rlp/-/rlp-5.7.0.tgz#de39e4d5918b9d74d46de93af80b7685a9c21304"
  integrity sha512-rBxzX2vK8mVF7b0Tol44t5Tb8gomOHkj5guL+HhzQ1yBh/ydjGnpw6at+X6Iw0Kp3OzzzkcKp8N9r0W4kYSs9w==
  dependencies:
    "@ethersproject/bytes" "^5.7.0"
    "@ethersproject/logger" "^5.7.0"

"@ethersproject/sha2@5.6.0":
  version "5.6.0"
  resolved "https://registry.yarnpkg.com/@ethersproject/sha2/-/sha2-5.6.0.tgz#364c4c11cc753bda36f31f001628706ebadb64d9"
  integrity sha512-1tNWCPFLu1n3JM9t4/kytz35DkuF9MxqkGGEHNauEbaARdm2fafnOyw1s0tIQDPKF/7bkP1u3dbrmjpn5CelyA==
  dependencies:
    "@ethersproject/bytes" "^5.6.0"
    "@ethersproject/logger" "^5.6.0"
    hash.js "1.1.7"

"@ethersproject/sha2@^5.6.0", "@ethersproject/sha2@^5.7.0":
  version "5.7.0"
  resolved "https://registry.yarnpkg.com/@ethersproject/sha2/-/sha2-5.7.0.tgz#9a5f7a7824ef784f7f7680984e593a800480c9fb"
  integrity sha512-gKlH42riwb3KYp0reLsFTokByAKoJdgFCwI+CCiX/k+Jm2mbNs6oOaCjYQSlI1+XBVejwH2KrmCbMAT/GnRDQw==
  dependencies:
    "@ethersproject/bytes" "^5.7.0"
    "@ethersproject/logger" "^5.7.0"
    hash.js "1.1.7"

"@ethersproject/signing-key@5.6.0":
  version "5.6.0"
  resolved "https://registry.yarnpkg.com/@ethersproject/signing-key/-/signing-key-5.6.0.tgz#4f02e3fb09e22b71e2e1d6dc4bcb5dafa69ce042"
  integrity sha512-S+njkhowmLeUu/r7ir8n78OUKx63kBdMCPssePS89So1TH4hZqnWFsThEd/GiXYp9qMxVrydf7KdM9MTGPFukA==
  dependencies:
    "@ethersproject/bytes" "^5.6.0"
    "@ethersproject/logger" "^5.6.0"
    "@ethersproject/properties" "^5.6.0"
    bn.js "^4.11.9"
    elliptic "6.5.4"
    hash.js "1.1.7"

"@ethersproject/signing-key@^5.6.0", "@ethersproject/signing-key@^5.7.0":
  version "5.7.0"
  resolved "https://registry.yarnpkg.com/@ethersproject/signing-key/-/signing-key-5.7.0.tgz#06b2df39411b00bc57c7c09b01d1e41cf1b16ab3"
  integrity sha512-MZdy2nL3wO0u7gkB4nA/pEf8lu1TlFswPNmy8AiYkfKTdO6eXBJyUdmHO/ehm/htHw9K/qF8ujnTyUAD+Ry54Q==
  dependencies:
    "@ethersproject/bytes" "^5.7.0"
    "@ethersproject/logger" "^5.7.0"
    "@ethersproject/properties" "^5.7.0"
    bn.js "^5.2.1"
    elliptic "6.5.4"
    hash.js "1.1.7"

"@ethersproject/solidity@5.6.0":
  version "5.6.0"
  resolved "https://registry.yarnpkg.com/@ethersproject/solidity/-/solidity-5.6.0.tgz#64657362a596bf7f5630bdc921c07dd78df06dc3"
  integrity sha512-YwF52vTNd50kjDzqKaoNNbC/r9kMDPq3YzDWmsjFTRBcIF1y4JCQJ8gB30wsTfHbaxgxelI5BfxQSxD/PbJOww==
  dependencies:
    "@ethersproject/bignumber" "^5.6.0"
    "@ethersproject/bytes" "^5.6.0"
    "@ethersproject/keccak256" "^5.6.0"
    "@ethersproject/logger" "^5.6.0"
    "@ethersproject/sha2" "^5.6.0"
    "@ethersproject/strings" "^5.6.0"

"@ethersproject/strings@5.6.0":
  version "5.6.0"
  resolved "https://registry.yarnpkg.com/@ethersproject/strings/-/strings-5.6.0.tgz#9891b26709153d996bf1303d39a7f4bc047878fd"
  integrity sha512-uv10vTtLTZqrJuqBZR862ZQjTIa724wGPWQqZrofaPI/kUsf53TBG0I0D+hQ1qyNtllbNzaW+PDPHHUI6/65Mg==
  dependencies:
    "@ethersproject/bytes" "^5.6.0"
    "@ethersproject/constants" "^5.6.0"
    "@ethersproject/logger" "^5.6.0"

"@ethersproject/strings@^5.6.0", "@ethersproject/strings@^5.7.0":
  version "5.7.0"
  resolved "https://registry.yarnpkg.com/@ethersproject/strings/-/strings-5.7.0.tgz#54c9d2a7c57ae8f1205c88a9d3a56471e14d5ed2"
  integrity sha512-/9nu+lj0YswRNSH0NXYqrh8775XNyEdUQAuf3f+SmOrnVewcJ5SBNAjF7lpgehKi4abvNNXyf+HX86czCdJ8Mg==
  dependencies:
    "@ethersproject/bytes" "^5.7.0"
    "@ethersproject/constants" "^5.7.0"
    "@ethersproject/logger" "^5.7.0"

"@ethersproject/transactions@5.6.0":
  version "5.6.0"
  resolved "https://registry.yarnpkg.com/@ethersproject/transactions/-/transactions-5.6.0.tgz#4b594d73a868ef6e1529a2f8f94a785e6791ae4e"
  integrity sha512-4HX+VOhNjXHZyGzER6E/LVI2i6lf9ejYeWD6l4g50AdmimyuStKc39kvKf1bXWQMg7QNVh+uC7dYwtaZ02IXeg==
  dependencies:
    "@ethersproject/address" "^5.6.0"
    "@ethersproject/bignumber" "^5.6.0"
    "@ethersproject/bytes" "^5.6.0"
    "@ethersproject/constants" "^5.6.0"
    "@ethersproject/keccak256" "^5.6.0"
    "@ethersproject/logger" "^5.6.0"
    "@ethersproject/properties" "^5.6.0"
    "@ethersproject/rlp" "^5.6.0"
    "@ethersproject/signing-key" "^5.6.0"

"@ethersproject/transactions@^5.6.0", "@ethersproject/transactions@^5.7.0":
  version "5.7.0"
  resolved "https://registry.yarnpkg.com/@ethersproject/transactions/-/transactions-5.7.0.tgz#91318fc24063e057885a6af13fdb703e1f993d3b"
  integrity sha512-kmcNicCp1lp8qanMTC3RIikGgoJ80ztTyvtsFvCYpSCfkjhD0jZ2LOrnbcuxuToLIUYYf+4XwD1rP+B/erDIhQ==
  dependencies:
    "@ethersproject/address" "^5.7.0"
    "@ethersproject/bignumber" "^5.7.0"
    "@ethersproject/bytes" "^5.7.0"
    "@ethersproject/constants" "^5.7.0"
    "@ethersproject/keccak256" "^5.7.0"
    "@ethersproject/logger" "^5.7.0"
    "@ethersproject/properties" "^5.7.0"
    "@ethersproject/rlp" "^5.7.0"
    "@ethersproject/signing-key" "^5.7.0"

"@ethersproject/units@5.6.0":
  version "5.6.0"
  resolved "https://registry.yarnpkg.com/@ethersproject/units/-/units-5.6.0.tgz#e5cbb1906988f5740254a21b9ded6bd51e826d9c"
  integrity sha512-tig9x0Qmh8qbo1w8/6tmtyrm/QQRviBh389EQ+d8fP4wDsBrJBf08oZfoiz1/uenKK9M78yAP4PoR7SsVoTjsw==
  dependencies:
    "@ethersproject/bignumber" "^5.6.0"
    "@ethersproject/constants" "^5.6.0"
    "@ethersproject/logger" "^5.6.0"

"@ethersproject/wallet@5.6.0":
  version "5.6.0"
  resolved "https://registry.yarnpkg.com/@ethersproject/wallet/-/wallet-5.6.0.tgz#33d11a806d783864208f348709a5a3badac8e22a"
  integrity sha512-qMlSdOSTyp0MBeE+r7SUhr1jjDlC1zAXB8VD84hCnpijPQiSNbxr6GdiLXxpUs8UKzkDiNYYC5DRI3MZr+n+tg==
  dependencies:
    "@ethersproject/abstract-provider" "^5.6.0"
    "@ethersproject/abstract-signer" "^5.6.0"
    "@ethersproject/address" "^5.6.0"
    "@ethersproject/bignumber" "^5.6.0"
    "@ethersproject/bytes" "^5.6.0"
    "@ethersproject/hash" "^5.6.0"
    "@ethersproject/hdnode" "^5.6.0"
    "@ethersproject/json-wallets" "^5.6.0"
    "@ethersproject/keccak256" "^5.6.0"
    "@ethersproject/logger" "^5.6.0"
    "@ethersproject/properties" "^5.6.0"
    "@ethersproject/random" "^5.6.0"
    "@ethersproject/signing-key" "^5.6.0"
    "@ethersproject/transactions" "^5.6.0"
    "@ethersproject/wordlists" "^5.6.0"

"@ethersproject/web@5.6.0":
  version "5.6.0"
  resolved "https://registry.yarnpkg.com/@ethersproject/web/-/web-5.6.0.tgz#4bf8b3cbc17055027e1a5dd3c357e37474eaaeb8"
  integrity sha512-G/XHj0hV1FxI2teHRfCGvfBUHFmU+YOSbCxlAMqJklxSa7QMiHFQfAxvwY2PFqgvdkxEKwRNr/eCjfAPEm2Ctg==
  dependencies:
    "@ethersproject/base64" "^5.6.0"
    "@ethersproject/bytes" "^5.6.0"
    "@ethersproject/logger" "^5.6.0"
    "@ethersproject/properties" "^5.6.0"
    "@ethersproject/strings" "^5.6.0"

"@ethersproject/web@^5.6.0", "@ethersproject/web@^5.7.0":
  version "5.7.1"
  resolved "https://registry.yarnpkg.com/@ethersproject/web/-/web-5.7.1.tgz#de1f285b373149bee5928f4eb7bcb87ee5fbb4ae"
  integrity sha512-Gueu8lSvyjBWL4cYsWsjh6MtMwM0+H4HvqFPZfB6dV8ctbP9zFAO73VG1cMWae0FLPCtz0peKPpZY8/ugJJX2w==
  dependencies:
    "@ethersproject/base64" "^5.7.0"
    "@ethersproject/bytes" "^5.7.0"
    "@ethersproject/logger" "^5.7.0"
    "@ethersproject/properties" "^5.7.0"
    "@ethersproject/strings" "^5.7.0"

"@ethersproject/wordlists@5.6.0":
  version "5.6.0"
  resolved "https://registry.yarnpkg.com/@ethersproject/wordlists/-/wordlists-5.6.0.tgz#79e62c5276e091d8575f6930ba01a29218ded032"
  integrity sha512-q0bxNBfIX3fUuAo9OmjlEYxP40IB8ABgb7HjEZCL5IKubzV3j30CWi2rqQbjTS2HfoyQbfINoKcTVWP4ejwR7Q==
  dependencies:
    "@ethersproject/bytes" "^5.6.0"
    "@ethersproject/hash" "^5.6.0"
    "@ethersproject/logger" "^5.6.0"
    "@ethersproject/properties" "^5.6.0"
    "@ethersproject/strings" "^5.6.0"

"@ethersproject/wordlists@^5.6.0", "@ethersproject/wordlists@^5.7.0":
  version "5.7.0"
  resolved "https://registry.yarnpkg.com/@ethersproject/wordlists/-/wordlists-5.7.0.tgz#8fb2c07185d68c3e09eb3bfd6e779ba2774627f5"
  integrity sha512-S2TFNJNfHWVHNE6cNDjbVlZ6MgE17MIxMbMg2zv3wn+3XSJGosL1m9ZVv3GXCf/2ymSsQ+hRI5IzoMJTG6aoVA==
  dependencies:
    "@ethersproject/bytes" "^5.7.0"
    "@ethersproject/hash" "^5.7.0"
    "@ethersproject/logger" "^5.7.0"
    "@ethersproject/properties" "^5.7.0"
    "@ethersproject/strings" "^5.7.0"

"@types/node@^20.6.0":
  version "20.6.0"
  resolved "https://registry.npmjs.org/@types/node/-/node-20.6.0.tgz"
  integrity sha512-najjVq5KN2vsH2U/xyh2opaSEz6cZMR2SetLIlxlj08nOcmPOemJmUK2o4kUzfLqfrWE0PIrNeE16XhYDd3nqg==

aes-js@3.0.0:
  version "3.0.0"
  resolved "https://registry.yarnpkg.com/aes-js/-/aes-js-3.0.0.tgz#e21df10ad6c2053295bcbb8dab40b09dbea87e4d"
  integrity sha512-H7wUZRn8WpTq9jocdxQ2c8x2sKo9ZVmzfRE13GiNJXfp7NcKYEdvl3vspKjXox6RIG2VtaRe4JFvxG4rqp2Zuw==

asynckit@^0.4.0:
  version "0.4.0"
  resolved "https://registry.yarnpkg.com/asynckit/-/asynckit-0.4.0.tgz#c79ed97f7f34cb8f2ba1bc9790bcc366474b4b79"
  integrity sha512-Oei9OH4tRh0YqU3GxhX79dM/mwVgvbZJaSNaRk+bshkj0S5cfHcgYakreBjrHwatXKbz+IoIdYLxrKim2MjW0Q==

axios@^1.5.0:
  version "1.5.0"
  resolved "https://registry.yarnpkg.com/axios/-/axios-1.5.0.tgz#f02e4af823e2e46a9768cfc74691fdd0517ea267"
  integrity sha512-D4DdjDo5CY50Qms0qGQTTw6Q44jl7zRwY7bthds06pUGfChBCTcQs+N743eFWGEd6pRTMd6A+I87aWyFV5wiZQ==
  dependencies:
    follow-redirects "^1.15.0"
    form-data "^4.0.0"
    proxy-from-env "^1.1.0"

bech32@1.1.4:
  version "1.1.4"
  resolved "https://registry.yarnpkg.com/bech32/-/bech32-1.1.4.tgz#e38c9f37bf179b8eb16ae3a772b40c356d4832e9"
  integrity sha512-s0IrSOzLlbvX7yp4WBfPITzpAU8sqQcpsmwXDiKwrG4r491vwCO/XpejasRNl0piBMe/DvP4Tz0mIS/X1DPJBQ==

bn.js@^4.11.9:
  version "4.12.0"
  resolved "https://registry.yarnpkg.com/bn.js/-/bn.js-4.12.0.tgz#775b3f278efbb9718eec7361f483fb36fbbfea88"
  integrity sha512-c98Bf3tPniI+scsdk237ku1Dc3ujXQTSgyiPUDEOe7tRkhrqridvh8klBv0HCEso1OLOYcHuCv/cS6DNxKH+ZA==

bn.js@^5.2.1:
  version "5.2.1"
  resolved "https://registry.yarnpkg.com/bn.js/-/bn.js-5.2.1.tgz#0bc527a6a0d18d0aa8d5b0538ce4a77dccfa7b70"
  integrity sha512-eXRvHzWyYPBuB4NBy0cmYQjGitUrtqwbvlzP3G6VFnNRbsZQIxQ10PbKKHt8gZ/HW/D/747aDl+QkDqg3KQLMQ==

brorand@^1.1.0:
  version "1.1.0"
  resolved "https://registry.yarnpkg.com/brorand/-/brorand-1.1.0.tgz#12c25efe40a45e3c323eb8675a0a0ce57b22371f"
  integrity sha512-cKV8tMCEpQs4hK/ik71d6LrPOnpkpGBR0wzxqr68g2m/LB2GxVYQroAjMJZRVM1Y4BCjCKc3vAamxSzOY2RP+w==

combined-stream@^1.0.8:
  version "1.0.8"
  resolved "https://registry.yarnpkg.com/combined-stream/-/combined-stream-1.0.8.tgz#c3d45a8b34fd730631a110a8a2520682b31d5a7f"
  integrity sha512-FQN4MRfuJeHf7cBbBMJFXhKSDq+2kAArBlmRBvcvFE5BB1HZKXtSFASDhdlz9zOYwxh8lDdnvmMOe/+5cdoEdg==
  dependencies:
    delayed-stream "~1.0.0"

delayed-stream@~1.0.0:
  version "1.0.0"
  resolved "https://registry.yarnpkg.com/delayed-stream/-/delayed-stream-1.0.0.tgz#df3ae199acadfb7d440aaae0b29e2272b24ec619"
  integrity sha512-ZySD7Nf91aLB0RxL4KGrKHBXl7Eds1DAmEdcoVawXnLD7SDhpNgtuII2aAkg7a7QS41jxPSZ17p4VdGnMHk3MQ==

dotenv@^16.3.1:
  version "16.3.1"
  resolved "https://registry.yarnpkg.com/dotenv/-/dotenv-16.3.1.tgz#369034de7d7e5b120972693352a3bf112172cc3e"
  integrity sha512-IPzF4w4/Rd94bA9imS68tZBaYyBWSCE47V1RGuMrB94iyTOIEwRmVL2x/4An+6mETpLrKJ5hQkB8W4kFAadeIQ==

elliptic@6.5.4:
  version "6.5.4"
  resolved "https://registry.yarnpkg.com/elliptic/-/elliptic-6.5.4.tgz#da37cebd31e79a1367e941b592ed1fbebd58abbb"
  integrity sha512-iLhC6ULemrljPZb+QutR5TQGB+pdW6KGD5RSegS+8sorOZT+rdQFbsQFJgvN3eRqNALqJer4oQ16YvJHlU8hzQ==
  dependencies:
    bn.js "^4.11.9"
    brorand "^1.1.0"
    hash.js "^1.0.0"
    hmac-drbg "^1.0.1"
    inherits "^2.0.4"
    minimalistic-assert "^1.0.1"
    minimalistic-crypto-utils "^1.0.1"

ethers@5.6.1:
  version "5.6.1"
  resolved "https://registry.yarnpkg.com/ethers/-/ethers-5.6.1.tgz#a56cd67f1595b745dc3dde0ccf2b5de53a41a6d0"
  integrity sha512-qtl/2W+dwmUa5Z3JqwsbV3JEBZZHNARe5K/A2ePcNAuhJYnEKIgGOT/O9ouPwBijSqVoQnmQMzi5D48LFNOY2A==
  dependencies:
    "@ethersproject/abi" "5.6.0"
    "@ethersproject/abstract-provider" "5.6.0"
    "@ethersproject/abstract-signer" "5.6.0"
    "@ethersproject/address" "5.6.0"
    "@ethersproject/base64" "5.6.0"
    "@ethersproject/basex" "5.6.0"
    "@ethersproject/bignumber" "5.6.0"
    "@ethersproject/bytes" "5.6.0"
    "@ethersproject/constants" "5.6.0"
    "@ethersproject/contracts" "5.6.0"
    "@ethersproject/hash" "5.6.0"
    "@ethersproject/hdnode" "5.6.0"
    "@ethersproject/json-wallets" "5.6.0"
    "@ethersproject/keccak256" "5.6.0"
    "@ethersproject/logger" "5.6.0"
    "@ethersproject/networks" "5.6.0"
    "@ethersproject/pbkdf2" "5.6.0"
    "@ethersproject/properties" "5.6.0"
    "@ethersproject/providers" "5.6.1"
    "@ethersproject/random" "5.6.0"
    "@ethersproject/rlp" "5.6.0"
    "@ethersproject/sha2" "5.6.0"
    "@ethersproject/signing-key" "5.6.0"
    "@ethersproject/solidity" "5.6.0"
    "@ethersproject/strings" "5.6.0"
    "@ethersproject/transactions" "5.6.0"
    "@ethersproject/units" "5.6.0"
    "@ethersproject/wallet" "5.6.0"
    "@ethersproject/web" "5.6.0"
    "@ethersproject/wordlists" "5.6.0"

follow-redirects@^1.15.0:
  version "1.15.2"
  resolved "https://registry.yarnpkg.com/follow-redirects/-/follow-redirects-1.15.2.tgz#b460864144ba63f2681096f274c4e57026da2c13"
  integrity sha512-VQLG33o04KaQ8uYi2tVNbdrWp1QWxNNea+nmIB4EVM28v0hmP17z7aG1+wAkNzVq4KeXTq3221ye5qTJP91JwA==

form-data@^4.0.0:
  version "4.0.0"
  resolved "https://registry.yarnpkg.com/form-data/-/form-data-4.0.0.tgz#93919daeaf361ee529584b9b31664dc12c9fa452"
  integrity sha512-ETEklSGi5t0QMZuiXoA/Q6vcnxcLQP5vdugSpuAyi6SVGi2clPPp+xgEhuMaHC+zGgn31Kd235W35f7Hykkaww==
  dependencies:
    asynckit "^0.4.0"
    combined-stream "^1.0.8"
    mime-types "^2.1.12"

fs-extra@^11.1.1:
  version "11.1.1"
  resolved "https://registry.npmjs.org/fs-extra/-/fs-extra-11.1.1.tgz"
  integrity sha512-MGIE4HOvQCeUCzmlHs0vXpih4ysz4wg9qiSAu6cd42lVwPbTM1TjV7RusoyQqMmk/95gdQZX72u+YW+c3eEpFQ==
  dependencies:
    graceful-fs "^4.2.0"
    jsonfile "^6.0.1"
    universalify "^2.0.0"

graceful-fs@^4.1.6, graceful-fs@^4.2.0:
  version "4.2.11"
  resolved "https://registry.npmjs.org/graceful-fs/-/graceful-fs-4.2.11.tgz"
  integrity sha512-RbJ5/jmFcNNCcDV5o9eTnBLJ/HszWV0P73bc+Ff4nS/rJj+YaS6IGyiOL0VoBYX+l1Wrl3k63h/KrH+nhJ0XvQ==

hash.js@1.1.7, hash.js@^1.0.0, hash.js@^1.0.3:
  version "1.1.7"
  resolved "https://registry.yarnpkg.com/hash.js/-/hash.js-1.1.7.tgz#0babca538e8d4ee4a0f8988d68866537a003cf42"
  integrity sha512-taOaskGt4z4SOANNseOviYDvjEJinIkRgmp7LbKP2YTTmVxWBl87s/uzK9r+44BclBSp2X7K1hqeNfz9JbBeXA==
  dependencies:
    inherits "^2.0.3"
    minimalistic-assert "^1.0.1"

hmac-drbg@^1.0.1:
  version "1.0.1"
  resolved "https://registry.yarnpkg.com/hmac-drbg/-/hmac-drbg-1.0.1.tgz#d2745701025a6c775a6c545793ed502fc0c649a1"
  integrity sha512-Tti3gMqLdZfhOQY1Mzf/AanLiqh1WTiJgEj26ZuYQ9fbkLomzGchCws4FyrSd4VkpBfiNhaE1On+lOz894jvXg==
  dependencies:
    hash.js "^1.0.3"
    minimalistic-assert "^1.0.0"
    minimalistic-crypto-utils "^1.0.1"

husky@^8.0.0:
  version "8.0.3"
  resolved "https://registry.yarnpkg.com/husky/-/husky-8.0.3.tgz#4936d7212e46d1dea28fef29bb3a108872cd9184"
  integrity sha512-+dQSyqPh4x1hlO1swXBiNb2HzTDN1I2IGLQx1GrBuiqFJfoMrnZWwVmatvSiO+Iz8fBUnf+lekwNo4c2LlXItg==

inherits@^2.0.3, inherits@^2.0.4:
  version "2.0.4"
  resolved "https://registry.yarnpkg.com/inherits/-/inherits-2.0.4.tgz#0fa2c64f932917c3433a0ded55363aae37416b7c"
  integrity sha512-k/vGaX4/Yla3WzyMCvTQOXYeIHvqOKtnqBduzTHpzpQZzAskKMhZ2K+EnBiSM9zGSoIFeMpXKxa4dYeZIQqewQ==

js-sha3@0.8.0:
  version "0.8.0"
  resolved "https://registry.yarnpkg.com/js-sha3/-/js-sha3-0.8.0.tgz#b9b7a5da73afad7dedd0f8c463954cbde6818840"
  integrity sha512-gF1cRrHhIzNfToc802P800N8PpXS+evLLXfsVpowqmAFR9uwbi89WvXg2QspOmXL8QL86J4T1EpFu+yUkwJY3Q==

jsonfile@^6.0.1:
  version "6.1.0"
  resolved "https://registry.npmjs.org/jsonfile/-/jsonfile-6.1.0.tgz"
  integrity sha512-5dgndWOriYSm5cnYaJNhalLNDKOqFwyDB/rr1E9ZsGciGvKPs8R2xYGCacuf3z6K1YKDz182fd+fY3cn3pMqXQ==
  dependencies:
    universalify "^2.0.0"
  optionalDependencies:
    graceful-fs "^4.1.6"

mime-db@1.52.0:
  version "1.52.0"
  resolved "https://registry.yarnpkg.com/mime-db/-/mime-db-1.52.0.tgz#bbabcdc02859f4987301c856e3387ce5ec43bf70"
  integrity sha512-sPU4uV7dYlvtWJxwwxHD0PuihVNiE7TyAbQ5SWxDCB9mUYvOgroQOwYQQOKPJ8CIbE+1ETVlOoK1UC2nU3gYvg==

mime-types@^2.1.12:
  version "2.1.35"
  resolved "https://registry.yarnpkg.com/mime-types/-/mime-types-2.1.35.tgz#381a871b62a734450660ae3deee44813f70d959a"
  integrity sha512-ZDY+bPm5zTTF+YpCrAU9nK0UgICYPT0QtT1NZWFv4s++TNkcgVaT0g6+4R2uI4MjQjzysHB1zxuWL50hzaeXiw==
  dependencies:
    mime-db "1.52.0"

minimalistic-assert@^1.0.0, minimalistic-assert@^1.0.1:
  version "1.0.1"
  resolved "https://registry.yarnpkg.com/minimalistic-assert/-/minimalistic-assert-1.0.1.tgz#2e194de044626d4a10e7f7fbc00ce73e83e4d5c7"
  integrity sha512-UtJcAD4yEaGtjPezWuO9wC4nwUnVH/8/Im3yEHQP4b67cXlD/Qr9hdITCU1xDbSEXg2XKNaP8jsReV7vQd00/A==

minimalistic-crypto-utils@^1.0.1:
  version "1.0.1"
  resolved "https://registry.yarnpkg.com/minimalistic-crypto-utils/-/minimalistic-crypto-utils-1.0.1.tgz#f6c00c1c0b082246e5c4d99dfb8c7c083b2b582a"
  integrity sha512-JIYlbt6g8i5jKfJ3xz7rF0LXmv2TkDxBLUkiBeZ7bAx4GnnNMr8xFpGnOxn6GhTEHx3SjRrZEoU+j04prX1ktg==

prettier@^2.0.5:
  version "2.8.8"
  resolved "https://registry.npmjs.org/prettier/-/prettier-2.8.8.tgz"
  integrity sha512-tdN8qQGvNjw4CHbY+XXk0JgCXn9QiF21a55rBe5LJAU+kDyC4WQn4+awm2Xfk2lQMk5fKup9XgzTZtGkjBdP9Q==

proxy-from-env@^1.1.0:
  version "1.1.0"
  resolved "https://registry.yarnpkg.com/proxy-from-env/-/proxy-from-env-1.1.0.tgz#e102f16ca355424865755d2c9e8ea4f24d58c3e2"
  integrity sha512-D+zkORCbA9f1tdWRK0RaCR3GPv50cMxcrz4X8k5LTSUD1Dkw47mKJEZQNunItRTkWwgtaUSo1RVFRIG9ZXiFYg==

scrypt-js@3.0.1:
  version "3.0.1"
  resolved "https://registry.yarnpkg.com/scrypt-js/-/scrypt-js-3.0.1.tgz#d314a57c2aef69d1ad98a138a21fe9eafa9ee312"
  integrity sha512-cdwTTnqPu0Hyvf5in5asVdZocVDTNRmR7XEcJuIzMjJeSHybHl7vpB66AzwTaIg6CLSbtjcxc8fqcySfnTkccA==

typescript@^5.2.2:
  version "5.2.2"
  resolved "https://registry.npmjs.org/typescript/-/typescript-5.2.2.tgz"
  integrity sha512-mI4WrpHsbCIcwT9cF4FZvr80QUeKvsUsUvKDoR+X/7XHQH98xYD8YHZg7ANtz2GtZt/CBq2QJ0thkGJMHfqc1w==

universalify@^2.0.0:
  version "2.0.0"
  resolved "https://registry.npmjs.org/universalify/-/universalify-2.0.0.tgz"
  integrity sha512-hAZsKq7Yy11Zu1DE0OzWjw7nnLZmJZYTDZZyEFHZdUhV8FkH5MCfoU1XMaxXovpyW5nq5scPqq0ZDP9Zyl04oQ==

ws@7.4.6:
  version "7.4.6"
  resolved "https://registry.yarnpkg.com/ws/-/ws-7.4.6.tgz#5654ca8ecdeee47c33a9a4bf6d28e2be2980377c"
  integrity sha512-YmhHDO4MzaDLB+M9ym/mDA5z0naX8j7SIlT8f8z+I0VtzsRbekxEutHSme7NPS2qE8StCYQNUnfWdXta/Yu85A==
